
Microsoft Visual Studio Solution File, Format Version 12.00
# Visual Studio 2013
VisualStudioVersion = 12.0.31101.0
MinimumVisualStudioVersion = 10.0.40219.1
Project("{FAE04EC0-301F-11D3-BF4B-00C04F79EFBC}") = "FormsConstraints", "FormsConstraints\FormsConstraints\FormsConstraints.csproj", "{4E56D684-0159-463A-990C-6B66573ACBD9}"
EndProject
Project("{FAE04EC0-301F-11D3-BF4B-00C04F79EFBC}") = "FormsConstraints.iOS", "FormsConstraints\FormsConstraints.iOS\FormsConstraints.iOS.csproj", "{C73C0762-7A25-45E8-9DB1-48EEBF3CE60F}"
EndProject
Project("{FAE04EC0-301F-11D3-BF4B-00C04F79EFBC}") = "FormsConstraints.Droid", "FormsConstraints\FormsConstraints.Droid\FormsConstraints.Droid.csproj", "{8C35CCE8-701E-479B-8487-75539012B1F9}"
EndProject
Project("{FAE04EC0-301F-11D3-BF4B-00C04F79EFBC}") = "FormsConstraints.WinPhone", "FormsConstraints\FormsConstraints.WinPhone\FormsConstraints.WinPhone.csproj", "{4318DB80-E7D7-43C9-903E-6EC0C78431C0}"
EndProject
Global
	GlobalSection(SolutionConfigurationPlatforms) = preSolution
		Ad-Hoc|Any CPU = Ad-Hoc|Any CPU
		Ad-Hoc|ARM = Ad-Hoc|ARM
		Ad-Hoc|iPhone = Ad-Hoc|iPhone
		Ad-Hoc|iPhoneSimulator = Ad-Hoc|iPhoneSimulator
		Ad-Hoc|Mixed Platforms = Ad-Hoc|Mixed Platforms
		Ad-Hoc|x86 = Ad-Hoc|x86
		AppStore|Any CPU = AppStore|Any CPU
		AppStore|ARM = AppStore|ARM
		AppStore|iPhone = AppStore|iPhone
		AppStore|iPhoneSimulator = AppStore|iPhoneSimulator
		AppStore|Mixed Platforms = AppStore|Mixed Platforms
		AppStore|x86 = AppStore|x86
		Debug|Any CPU = Debug|Any CPU
		Debug|ARM = Debug|ARM
		Debug|iPhone = Debug|iPhone
		Debug|iPhoneSimulator = Debug|iPhoneSimulator
		Debug|Mixed Platforms = Debug|Mixed Platforms
		Debug|x86 = Debug|x86
		Release|Any CPU = Release|Any CPU
		Release|ARM = Release|ARM
		Release|iPhone = Release|iPhone
		Release|iPhoneSimulator = Release|iPhoneSimulator
		Release|Mixed Platforms = Release|Mixed Platforms
		Release|x86 = Release|x86
	EndGlobalSection
	GlobalSection(ProjectConfigurationPlatforms) = postSolution
		{4E56D684-0159-463A-990C-6B66573ACBD9}.Ad-Hoc|Any CPU.ActiveCfg = Release|Any CPU
		{4E56D684-0159-463A-990C-6B66573ACBD9}.Ad-Hoc|Any CPU.Build.0 = Release|Any CPU
		{4E56D684-0159-463A-990C-6B66573ACBD9}.Ad-Hoc|ARM.ActiveCfg = Release|Any CPU
		{4E56D684-0159-463A-990C-6B66573ACBD9}.Ad-Hoc|iPhone.ActiveCfg = Release|Any CPU
		{4E56D684-0159-463A-990C-6B66573ACBD9}.Ad-Hoc|iPhoneSimulator.ActiveCfg = Release|Any CPU
		{4E56D684-0159-463A-990C-6B66573ACBD9}.Ad-Hoc|Mixed Platforms.ActiveCfg = Release|Any CPU
		{4E56D684-0159-463A-990C-6B66573ACBD9}.Ad-Hoc|Mixed Platforms.Build.0 = Release|Any CPU
		{4E56D684-0159-463A-990C-6B66573ACBD9}.Ad-Hoc|x86.ActiveCfg = Release|Any CPU
		{4E56D684-0159-463A-990C-6B66573ACBD9}.AppStore|Any CPU.ActiveCfg = Release|Any CPU
		{4E56D684-0159-463A-990C-6B66573ACBD9}.AppStore|Any CPU.Build.0 = Release|Any CPU
		{4E56D684-0159-463A-990C-6B66573ACBD9}.AppStore|ARM.ActiveCfg = Release|Any CPU
		{4E56D684-0159-463A-990C-6B66573ACBD9}.AppStore|iPhone.ActiveCfg = Release|Any CPU
		{4E56D684-0159-463A-990C-6B66573ACBD9}.AppStore|iPhoneSimulator.ActiveCfg = Release|Any CPU
		{4E56D684-0159-463A-990C-6B66573ACBD9}.AppStore|Mixed Platforms.ActiveCfg = Release|Any CPU
		{4E56D684-0159-463A-990C-6B66573ACBD9}.AppStore|Mixed Platforms.Build.0 = Release|Any CPU
		{4E56D684-0159-463A-990C-6B66573ACBD9}.AppStore|x86.ActiveCfg = Release|Any CPU
		{4E56D684-0159-463A-990C-6B66573ACBD9}.Debug|Any CPU.ActiveCfg = Debug|Any CPU
		{4E56D684-0159-463A-990C-6B66573ACBD9}.Debug|Any CPU.Build.0 = Debug|Any CPU
		{4E56D684-0159-463A-990C-6B66573ACBD9}.Debug|ARM.ActiveCfg = Debug|Any CPU
		{4E56D684-0159-463A-990C-6B66573ACBD9}.Debug|iPhone.ActiveCfg = Debug|Any CPU
		{4E56D684-0159-463A-990C-6B66573ACBD9}.Debug|iPhoneSimulator.ActiveCfg = Debug|Any CPU
		{4E56D684-0159-463A-990C-6B66573ACBD9}.Debug|Mixed Platforms.ActiveCfg = Debug|Any CPU
		{4E56D684-0159-463A-990C-6B66573ACBD9}.Debug|Mixed Platforms.Build.0 = Debug|Any CPU
		{4E56D684-0159-463A-990C-6B66573ACBD9}.Debug|x86.ActiveCfg = Debug|Any CPU
		{4E56D684-0159-463A-990C-6B66573ACBD9}.Release|Any CPU.ActiveCfg = Release|Any CPU
		{4E56D684-0159-463A-990C-6B66573ACBD9}.Release|Any CPU.Build.0 = Release|Any CPU
		{4E56D684-0159-463A-990C-6B66573ACBD9}.Release|ARM.ActiveCfg = Release|Any CPU
		{4E56D684-0159-463A-990C-6B66573ACBD9}.Release|iPhone.ActiveCfg = Release|Any CPU
		{4E56D684-0159-463A-990C-6B66573ACBD9}.Release|iPhoneSimulator.ActiveCfg = Release|Any CPU
		{4E56D684-0159-463A-990C-6B66573ACBD9}.Release|Mixed Platforms.ActiveCfg = Release|Any CPU
		{4E56D684-0159-463A-990C-6B66573ACBD9}.Release|Mixed Platforms.Build.0 = Release|Any CPU
		{4E56D684-0159-463A-990C-6B66573ACBD9}.Release|x86.ActiveCfg = Release|Any CPU
		{C73C0762-7A25-45E8-9DB1-48EEBF3CE60F}.Ad-Hoc|Any CPU.ActiveCfg = Ad-Hoc|iPhone
		{C73C0762-7A25-45E8-9DB1-48EEBF3CE60F}.Ad-Hoc|ARM.ActiveCfg = Ad-Hoc|iPhone
		{C73C0762-7A25-45E8-9DB1-48EEBF3CE60F}.Ad-Hoc|iPhone.ActiveCfg = Ad-Hoc|iPhone
		{C73C0762-7A25-45E8-9DB1-48EEBF3CE60F}.Ad-Hoc|iPhone.Build.0 = Ad-Hoc|iPhone
		{C73C0762-7A25-45E8-9DB1-48EEBF3CE60F}.Ad-Hoc|iPhoneSimulator.ActiveCfg = Ad-Hoc|iPhoneSimulator
		{C73C0762-7A25-45E8-9DB1-48EEBF3CE60F}.Ad-Hoc|iPhoneSimulator.Build.0 = Ad-Hoc|iPhoneSimulator
		{C73C0762-7A25-45E8-9DB1-48EEBF3CE60F}.Ad-Hoc|Mixed Platforms.ActiveCfg = Ad-Hoc|iPhone
		{C73C0762-7A25-45E8-9DB1-48EEBF3CE60F}.Ad-Hoc|Mixed Platforms.Build.0 = Ad-Hoc|iPhone
		{C73C0762-7A25-45E8-9DB1-48EEBF3CE60F}.Ad-Hoc|x86.ActiveCfg = Ad-Hoc|iPhone
		{C73C0762-7A25-45E8-9DB1-48EEBF3CE60F}.AppStore|Any CPU.ActiveCfg = AppStore|iPhone
		{C73C0762-7A25-45E8-9DB1-48EEBF3CE60F}.AppStore|ARM.ActiveCfg = AppStore|iPhone
		{C73C0762-7A25-45E8-9DB1-48EEBF3CE60F}.AppStore|iPhone.ActiveCfg = AppStore|iPhone
		{C73C0762-7A25-45E8-9DB1-48EEBF3CE60F}.AppStore|iPhone.Build.0 = AppStore|iPhone
		{C73C0762-7A25-45E8-9DB1-48EEBF3CE60F}.AppStore|iPhoneSimulator.ActiveCfg = AppStore|iPhoneSimulator
		{C73C0762-7A25-45E8-9DB1-48EEBF3CE60F}.AppStore|iPhoneSimulator.Build.0 = AppStore|iPhoneSimulator
		{C73C0762-7A25-45E8-9DB1-48EEBF3CE60F}.AppStore|Mixed Platforms.ActiveCfg = AppStore|iPhone
		{C73C0762-7A25-45E8-9DB1-48EEBF3CE60F}.AppStore|Mixed Platforms.Build.0 = AppStore|iPhone
		{C73C0762-7A25-45E8-9DB1-48EEBF3CE60F}.AppStore|x86.ActiveCfg = AppStore|iPhone
		{C73C0762-7A25-45E8-9DB1-48EEBF3CE60F}.Debug|Any CPU.ActiveCfg = Debug|iPhone
		{C73C0762-7A25-45E8-9DB1-48EEBF3CE60F}.Debug|ARM.ActiveCfg = Debug|iPhone
		{C73C0762-7A25-45E8-9DB1-48EEBF3CE60F}.Debug|iPhone.ActiveCfg = Debug|iPhone
		{C73C0762-7A25-45E8-9DB1-48EEBF3CE60F}.Debug|iPhone.Build.0 = Debug|iPhone
		{C73C0762-7A25-45E8-9DB1-48EEBF3CE60F}.Debug|iPhoneSimulator.ActiveCfg = Debug|iPhoneSimulator
		{C73C0762-7A25-45E8-9DB1-48EEBF3CE60F}.Debug|iPhoneSimulator.Build.0 = Debug|iPhoneSimulator
		{C73C0762-7A25-45E8-9DB1-48EEBF3CE60F}.Debug|Mixed Platforms.ActiveCfg = Debug|iPhone
		{C73C0762-7A25-45E8-9DB1-48EEBF3CE60F}.Debug|Mixed Platforms.Build.0 = Debug|iPhone
		{C73C0762-7A25-45E8-9DB1-48EEBF3CE60F}.Debug|x86.ActiveCfg = Debug|iPhone
		{C73C0762-7A25-45E8-9DB1-48EEBF3CE60F}.Release|Any CPU.ActiveCfg = Release|iPhone
		{C73C0762-7A25-45E8-9DB1-48EEBF3CE60F}.Release|ARM.ActiveCfg = Release|iPhone
		{C73C0762-7A25-45E8-9DB1-48EEBF3CE60F}.Release|iPhone.ActiveCfg = Release|iPhone
		{C73C0762-7A25-45E8-9DB1-48EEBF3CE60F}.Release|iPhone.Build.0 = Release|iPhone
		{C73C0762-7A25-45E8-9DB1-48EEBF3CE60F}.Release|iPhoneSimulator.ActiveCfg = Release|iPhoneSimulator
		{C73C0762-7A25-45E8-9DB1-48EEBF3CE60F}.Release|iPhoneSimulator.Build.0 = Release|iPhoneSimulator
		{C73C0762-7A25-45E8-9DB1-48EEBF3CE60F}.Release|Mixed Platforms.ActiveCfg = Release|iPhone
		{C73C0762-7A25-45E8-9DB1-48EEBF3CE60F}.Release|Mixed Platforms.Build.0 = Release|iPhone
		{C73C0762-7A25-45E8-9DB1-48EEBF3CE60F}.Release|x86.ActiveCfg = Release|iPhone
		{8C35CCE8-701E-479B-8487-75539012B1F9}.Ad-Hoc|Any CPU.ActiveCfg = Release|Any CPU
		{8C35CCE8-701E-479B-8487-75539012B1F9}.Ad-Hoc|Any CPU.Build.0 = Release|Any CPU
		{8C35CCE8-701E-479B-8487-75539012B1F9}.Ad-Hoc|Any CPU.Deploy.0 = Release|Any CPU
		{8C35CCE8-701E-479B-8487-75539012B1F9}.Ad-Hoc|ARM.ActiveCfg = Release|Any CPU
		{8C35CCE8-701E-479B-8487-75539012B1F9}.Ad-Hoc|iPhone.ActiveCfg = Release|Any CPU
		{8C35CCE8-701E-479B-8487-75539012B1F9}.Ad-Hoc|iPhoneSimulator.ActiveCfg = Release|Any CPU
		{8C35CCE8-701E-479B-8487-75539012B1F9}.Ad-Hoc|Mixed Platforms.ActiveCfg = Release|Any CPU
		{8C35CCE8-701E-479B-8487-75539012B1F9}.Ad-Hoc|Mixed Platforms.Build.0 = Release|Any CPU
		{8C35CCE8-701E-479B-8487-75539012B1F9}.Ad-Hoc|Mixed Platforms.Deploy.0 = Release|Any CPU
		{8C35CCE8-701E-479B-8487-75539012B1F9}.Ad-Hoc|x86.ActiveCfg = Release|Any CPU
		{8C35CCE8-701E-479B-8487-75539012B1F9}.AppStore|Any CPU.ActiveCfg = Release|Any CPU
		{8C35CCE8-701E-479B-8487-75539012B1F9}.AppStore|Any CPU.Build.0 = Release|Any CPU
		{8C35CCE8-701E-479B-8487-75539012B1F9}.AppStore|Any CPU.Deploy.0 = Release|Any CPU
		{8C35CCE8-701E-479B-8487-75539012B1F9}.AppStore|ARM.ActiveCfg = Release|Any CPU
		{8C35CCE8-701E-479B-8487-75539012B1F9}.AppStore|iPhone.ActiveCfg = Release|Any CPU
		{8C35CCE8-701E-479B-8487-75539012B1F9}.AppStore|iPhoneSimulator.ActiveCfg = Release|Any CPU
		{8C35CCE8-701E-479B-8487-75539012B1F9}.AppStore|Mixed Platforms.ActiveCfg = Release|Any CPU
		{8C35CCE8-701E-479B-8487-75539012B1F9}.AppStore|Mixed Platforms.Build.0 = Release|Any CPU
		{8C35CCE8-701E-479B-8487-75539012B1F9}.AppStore|Mixed Platforms.Deploy.0 = Release|Any CPU
		{8C35CCE8-701E-479B-8487-75539012B1F9}.AppStore|x86.ActiveCfg = Release|Any CPU
		{8C35CCE8-701E-479B-8487-75539012B1F9}.Debug|Any CPU.ActiveCfg = Debug|Any CPU
		{8C35CCE8-701E-479B-8487-75539012B1F9}.Debug|Any CPU.Build.0 = Debug|Any CPU
		{8C35CCE8-701E-479B-8487-75539012B1F9}.Debug|Any CPU.Deploy.0 = Debug|Any CPU
		{8C35CCE8-701E-479B-8487-75539012B1F9}.Debug|ARM.ActiveCfg = Debug|Any CPU
		{8C35CCE8-701E-479B-8487-75539012B1F9}.Debug|iPhone.ActiveCfg = Debug|Any CPU
		{8C35CCE8-701E-479B-8487-75539012B1F9}.Debug|iPhoneSimulator.ActiveCfg = Debug|Any CPU
		{8C35CCE8-701E-479B-8487-75539012B1F9}.Debug|Mixed Platforms.ActiveCfg = Debug|Any CPU
		{8C35CCE8-701E-479B-8487-75539012B1F9}.Debug|Mixed Platforms.Build.0 = Debug|Any CPU
		{8C35CCE8-701E-479B-8487-75539012B1F9}.Debug|Mixed Platforms.Deploy.0 = Debug|Any CPU
		{8C35CCE8-701E-479B-8487-75539012B1F9}.Debug|x86.ActiveCfg = Debug|Any CPU
		{8C35CCE8-701E-479B-8487-75539012B1F9}.Release|Any CPU.ActiveCfg = Release|Any CPU
		{8C35CCE8-701E-479B-8487-75539012B1F9}.Release|Any CPU.Build.0 = Release|Any CPU
		{8C35CCE8-701E-479B-8487-75539012B1F9}.Release|Any CPU.Deploy.0 = Release|Any CPU
		{8C35CCE8-701E-479B-8487-75539012B1F9}.Release|ARM.ActiveCfg = Release|Any CPU
		{8C35CCE8-701E-479B-8487-75539012B1F9}.Release|iPhone.ActiveCfg = Release|Any CPU
		{8C35CCE8-701E-479B-8487-75539012B1F9}.Release|iPhoneSimulator.ActiveCfg = Release|Any CPU
		{8C35CCE8-701E-479B-8487-75539012B1F9}.Release|Mixed Platforms.ActiveCfg = Release|Any CPU
		{8C35CCE8-701E-479B-8487-75539012B1F9}.Release|Mixed Platforms.Build.0 = Release|Any CPU
		{8C35CCE8-701E-479B-8487-75539012B1F9}.Release|Mixed Platforms.Deploy.0 = Release|Any CPU
		{8C35CCE8-701E-479B-8487-75539012B1F9}.Release|x86.ActiveCfg = Release|Any CPU
		{4318DB80-E7D7-43C9-903E-6EC0C78431C0}.Ad-Hoc|Any CPU.ActiveCfg = Release|Any CPU
		{4318DB80-E7D7-43C9-903E-6EC0C78431C0}.Ad-Hoc|Any CPU.Build.0 = Release|Any CPU
		{4318DB80-E7D7-43C9-903E-6EC0C78431C0}.Ad-Hoc|Any CPU.Deploy.0 = Release|Any CPU
		{4318DB80-E7D7-43C9-903E-6EC0C78431C0}.Ad-Hoc|ARM.ActiveCfg = Release|ARM
		{4318DB80-E7D7-43C9-903E-6EC0C78431C0}.Ad-Hoc|ARM.Build.0 = Release|ARM
		{4318DB80-E7D7-43C9-903E-6EC0C78431C0}.Ad-Hoc|ARM.Deploy.0 = Release|ARM
		{4318DB80-E7D7-43C9-903E-6EC0C78431C0}.Ad-Hoc|iPhone.ActiveCfg = Release|Any CPU
		{4318DB80-E7D7-43C9-903E-6EC0C78431C0}.Ad-Hoc|iPhoneSimulator.ActiveCfg = Release|Any CPU
		{4318DB80-E7D7-43C9-903E-6EC0C78431C0}.Ad-Hoc|Mixed Platforms.ActiveCfg = Release|x86
		{4318DB80-E7D7-43C9-903E-6EC0C78431C0}.Ad-Hoc|Mixed Platforms.Build.0 = Release|x86
		{4318DB80-E7D7-43C9-903E-6EC0C78431C0}.Ad-Hoc|Mixed Platforms.Deploy.0 = Release|x86
		{4318DB80-E7D7-43C9-903E-6EC0C78431C0}.Ad-Hoc|x86.ActiveCfg = Release|x86
		{4318DB80-E7D7-43C9-903E-6EC0C78431C0}.Ad-Hoc|x86.Build.0 = Release|x86
		{4318DB80-E7D7-43C9-903E-6EC0C78431C0}.Ad-Hoc|x86.Deploy.0 = Release|x86
		{4318DB80-E7D7-43C9-903E-6EC0C78431C0}.AppStore|Any CPU.ActiveCfg = Release|Any CPU
		{4318DB80-E7D7-43C9-903E-6EC0C78431C0}.AppStore|Any CPU.Build.0 = Release|Any CPU
		{4318DB80-E7D7-43C9-903E-6EC0C78431C0}.AppStore|Any CPU.Deploy.0 = Release|Any CPU
		{4318DB80-E7D7-43C9-903E-6EC0C78431C0}.AppStore|ARM.ActiveCfg = Release|ARM
		{4318DB80-E7D7-43C9-903E-6EC0C78431C0}.AppStore|ARM.Build.0 = Release|ARM
		{4318DB80-E7D7-43C9-903E-6EC0C78431C0}.AppStore|ARM.Deploy.0 = Release|ARM
		{4318DB80-E7D7-43C9-903E-6EC0C78431C0}.AppStore|iPhone.ActiveCfg = Release|Any CPU
		{4318DB80-E7D7-43C9-903E-6EC0C78431C0}.AppStore|iPhoneSimulator.ActiveCfg = Release|Any CPU
		{4318DB80-E7D7-43C9-903E-6EC0C78431C0}.AppStore|Mixed Platforms.ActiveCfg = Release|x86
		{4318DB80-E7D7-43C9-903E-6EC0C78431C0}.AppStore|Mixed Platforms.Build.0 = Release|x86
		{4318DB80-E7D7-43C9-903E-6EC0C78431C0}.AppStore|Mixed Platforms.Deploy.0 = Release|x86
		{4318DB80-E7D7-43C9-903E-6EC0C78431C0}.AppStore|x86.ActiveCfg = Release|x86
		{4318DB80-E7D7-43C9-903E-6EC0C78431C0}.AppStore|x86.Build.0 = Release|x86
		{4318DB80-E7D7-43C9-903E-6EC0C78431C0}.AppStore|x86.Deploy.0 = Release|x86
		{4318DB80-E7D7-43C9-903E-6EC0C78431C0}.Debug|Any CPU.ActiveCfg = Debug|Any CPU
		{4318DB80-E7D7-43C9-903E-6EC0C78431C0}.Debug|Any CPU.Build.0 = Debug|Any CPU
		{4318DB80-E7D7-43C9-903E-6EC0C78431C0}.Debug|Any CPU.Deploy.0 = Debug|Any CPU
		{4318DB80-E7D7-43C9-903E-6EC0C78431C0}.Debug|ARM.ActiveCfg = Debug|ARM
		{4318DB80-E7D7-43C9-903E-6EC0C78431C0}.Debug|ARM.Build.0 = Debug|ARM
		{4318DB80-E7D7-43C9-903E-6EC0C78431C0}.Debug|ARM.Deploy.0 = Debug|ARM
		{4318DB80-E7D7-43C9-903E-6EC0C78431C0}.Debug|iPhone.ActiveCfg = Debug|Any CPU
		{4318DB80-E7D7-43C9-903E-6EC0C78431C0}.Debug|iPhoneSimulator.ActiveCfg = Debug|Any CPU
		{4318DB80-E7D7-43C9-903E-6EC0C78431C0}.Debug|Mixed Platforms.ActiveCfg = Debug|x86
		{4318DB80-E7D7-43C9-903E-6EC0C78431C0}.Debug|Mixed Platforms.Build.0 = Debug|x86
		{4318DB80-E7D7-43C9-903E-6EC0C78431C0}.Debug|Mixed Platforms.Deploy.0 = Debug|x86
		{4318DB80-E7D7-43C9-903E-6EC0C78431C0}.Debug|x86.ActiveCfg = Debug|x86
		{4318DB80-E7D7-43C9-903E-6EC0C78431C0}.Debug|x86.Build.0 = Debug|x86
		{4318DB80-E7D7-43C9-903E-6EC0C78431C0}.Debug|x86.Deploy.0 = Debug|x86
		{4318DB80-E7D7-43C9-903E-6EC0C78431C0}.Release|Any CPU.ActiveCfg = Release|Any CPU
		{4318DB80-E7D7-43C9-903E-6EC0C78431C0}.Release|Any CPU.Build.0 = Release|Any CPU
		{4318DB80-E7D7-43C9-903E-6EC0C78431C0}.Release|Any CPU.Deploy.0 = Release|Any CPU
		{4318DB80-E7D7-43C9-903E-6EC0C78431C0}.Release|ARM.ActiveCfg = Release|ARM
		{4318DB80-E7D7-43C9-903E-6EC0C78431C0}.Release|ARM.Build.0 = Release|ARM
		{4318DB80-E7D7-43C9-903E-6EC0C78431C0}.Release|ARM.Deploy.0 = Release|ARM
		{4318DB80-E7D7-43C9-903E-6EC0C78431C0}.Release|iPhone.ActiveCfg = Release|Any CPU
		{4318DB80-E7D7-43C9-903E-6EC0C78431C0}.Release|iPhoneSimulator.ActiveCfg = Release|Any CPU
		{4318DB80-E7D7-43C9-903E-6EC0C78431C0}.Release|Mixed Platforms.ActiveCfg = Release|x86
		{4318DB80-E7D7-43C9-903E-6EC0C78431C0}.Release|Mixed Platforms.Build.0 = Release|x86
		{4318DB80-E7D7-43C9-903E-6EC0C78431C0}.Release|Mixed Platforms.Deploy.0 = Release|x86
		{4318DB80-E7D7-43C9-903E-6EC0C78431C0}.Release|x86.ActiveCfg = Release|x86
		{4318DB80-E7D7-43C9-903E-6EC0C78431C0}.Release|x86.Build.0 = Release|x86
		{4318DB80-E7D7-43C9-903E-6EC0C78431C0}.Release|x86.Deploy.0 = Release|x86
	EndGlobalSection
	GlobalSection(SolutionProperties) = preSolution
		HideSolutionNode = FALSE
	EndGlobalSection
EndGlobal
